{
  "requires": true,
  "lockfileVersion": 1,
  "dependencies": {
    "joi-browser": {
      "version": "13.4.0",
      "resolved": "https://registry.npmjs.org/joi-browser/-/joi-browser-13.4.0.tgz",
      "integrity": "sha512-TfzJd2JaJ/lg/gU+q5j9rLAjnfUNF9DUmXTP9w+GfmG79LjFOXFeM7hIFuXCBcZCivUDFwd9l1btTV9rhHumtQ=="
    },
    "joi-date-extensions": {
      "version": "1.2.0",
      "resolved": "https://registry.npmjs.org/joi-date-extensions/-/joi-date-extensions-1.2.0.tgz",
      "integrity": "sha512-rXuz2yGx/0TnG8rDBv5bqryOD7g6BvAYEs2BVt0yPWZsO1YiQd4mtHGQ4mqWt/ly/G47+ZRo/jxy02G2iACJHg==",
      "requires": {
        "moment": "2.x.x"
      }
    },
    "moment": {
      "version": "2.23.0",
      "resolved": "https://registry.npmjs.org/moment/-/moment-2.23.0.tgz",
      "integrity": "sha512-3IE39bHVqFbWWaPOMHZF98Q9c3LDKGTmypMiTM2QygGXXElkFWIH7GxfmlwmY2vwa+wmNsoYZmG2iusf1ZjJoA=="
    }
  }
}
